Microsoft Visual Studio Solution File, Format Version 11.00
# Visual Studio 2008

Project("{CB1B17C9-AFCA-B1D4-69CA-FDFF6D9A6D78}") = "Ejercicio Final", "Assembly-CSharp-firstpass-vs.csproj", "{07E0A334-5795-F707-4C83-C0A110146F6F}"
EndProject
Project("{CB1B17C9-AFCA-B1D4-69CA-FDFF6D9A6D78}") = "Ejercicio Final", "Assembly-CSharp-vs.csproj", "{2CB245C5-61CC-1FD7-BE88-602B7A98A465}"
EndProject
Global
	GlobalSection(SolutionConfigurationPlatforms) = preSolution
		Debug|Any CPU = Debug|Any CPU
		Release|Any CPU = Release|Any CPU
	EndGlobalSection
	GlobalSection(ProjectConfigurationPlatforms) = postSolution
		{07E0A334-5795-F707-4C83-C0A110146F6F}.Debug|Any CPU.ActiveCfg = Debug|Any CPU
		{07E0A334-5795-F707-4C83-C0A110146F6F}.Debug|Any CPU.Build.0 = Debug|Any CPU
		{07E0A334-5795-F707-4C83-C0A110146F6F}.Release|Any CPU.ActiveCfg = Release|Any CPU
		{07E0A334-5795-F707-4C83-C0A110146F6F}.Release|Any CPU.Build.0 = Release|Any CPU
		{2CB245C5-61CC-1FD7-BE88-602B7A98A465}.Debug|Any CPU.ActiveCfg = Debug|Any CPU
		{2CB245C5-61CC-1FD7-BE88-602B7A98A465}.Debug|Any CPU.Build.0 = Debug|Any CPU
		{2CB245C5-61CC-1FD7-BE88-602B7A98A465}.Release|Any CPU.ActiveCfg = Release|Any CPU
		{2CB245C5-61CC-1FD7-BE88-602B7A98A465}.Release|Any CPU.Build.0 = Release|Any CPU
	EndGlobalSection
	GlobalSection(SolutionProperties) = preSolution
		HideSolutionNode = FALSE
	EndGlobalSection
																																																																																					GlobalSection(MonoDevelopProperties) = preSolution
		StartupItem = Assembly-CSharp.csproj
		Policies = $0
		$0.TextStylePolicy = $1
		$1.inheritsSet = null
		$1.scope = text/x-csharp
		$0.CSharpFormattingPolicy = $2
		$2.inheritsSet = Mono
		$2.inheritsScope = text/x-csharp
		$2.scope = text/x-csharp
		$0.TextStylePolicy = $3
		$3.FileWidth = 120
		$3.TabWidth = 4
		$3.EolMarker = Unix
		$3.inheritsSet = Mono
		$3.inheritsScope = text/plain
		$3.scope = text/plain
	EndGlobalSection

EndGlobal
